
Microsoft Visual Studio Solution File, Format Version 12.00
# Visual Studio Version 17
VisualStudioVersion = 17.8.34330.188
MinimumVisualStudioVersion = 10.0.40219.1
Project("{E53339B2-1760-4266-BCC7-CA923CBCF16C}") = "docker-compose", "docker-compose.dcproj", "{30F172C3-6DBE-488D-8629-A6BBCAC821AC}"
EndProject
Project("{2150E333-8FDC-42A3-9474-1A3956D46DE8}") = "TheGoodFramework", "TheGoodFramework", "{069DF9B7-57DD-4E8B-B705-07C14CD49BEA}"
EndProject
Project("{2150E333-8FDC-42A3-9474-1A3956D46DE8}") = "GSWB.Common", "GSWB.Common", "{FD4762AC-FAB0-45D8-83B4-325EC0C11B19}"
EndProject
Project("{2150E333-8FDC-42A3-9474-1A3956D46DE8}") = "GSWB.SwarmBot", "GSWB.SwarmBot", "{45D188C4-EB4F-4982-B7AD-0584504C3CA8}"
EndProject
Project("{2150E333-8FDC-42A3-9474-1A3956D46DE8}") = "GSWB.APIGateway", "GSWB.APIGateway", "{F3299B21-5400-4135-887B-747142C67E4A}"
EndProject
Project("{2150E333-8FDC-42A3-9474-1A3956D46DE8}") = "GSWB.Members", "GSWB.Members", "{A85E68C7-5149-44F4-8A29-C478805666CC}"
EndProject
Project("{2150E333-8FDC-42A3-9474-1A3956D46DE8}") = "Infrastructure", "Infrastructure", "{7836623F-64BB-4B80-8D6A-F7D5E964A5DB}"
EndProject
Project("{2150E333-8FDC-42A3-9474-1A3956D46DE8}") = "ServiceAwait", "ServiceAwait", "{584C7A70-E8AF-4953-A833-8AE07B91D0C3}"
	ProjectSection(SolutionItems) = preProject
		Infrastructure\ServiceAwait\IsReadyServer.sh = Infrastructure\ServiceAwait\IsReadyServer.sh
		Infrastructure\ServiceAwait\wait_for_service.sh = Infrastructure\ServiceAwait\wait_for_service.sh
	EndProjectSection
EndProject
Project("{2150E333-8FDC-42A3-9474-1A3956D46DE8}") = "PostgreSQL", "PostgreSQL", "{77D7BB2D-E0F3-490D-881F-05110D5B3240}"
	ProjectSection(SolutionItems) = preProject
		Infrastructure\PostgreSQL\Dockerfile = Infrastructure\PostgreSQL\Dockerfile
		Infrastructure\PostgreSQL\Init.sh = Infrastructure\PostgreSQL\Init.sh
	EndProjectSection
EndProject
Project("{2150E333-8FDC-42A3-9474-1A3956D46DE8}") = "RabbitMQ", "RabbitMQ", "{E6D0C8B1-2E38-49F0-9293-BCF8EFF94A4D}"
	ProjectSection(SolutionItems) = preProject
		Infrastructure\RabbitMQ\definitions.json = Infrastructure\RabbitMQ\definitions.json
		Infrastructure\RabbitMQ\docker-entrypoint-override.sh = Infrastructure\RabbitMQ\docker-entrypoint-override.sh
		Infrastructure\RabbitMQ\Dockerfile = Infrastructure\RabbitMQ\Dockerfile
		Infrastructure\RabbitMQ\enabled_plugins = Infrastructure\RabbitMQ\enabled_plugins
		Infrastructure\RabbitMQ\rabbitmq.conf = Infrastructure\RabbitMQ\rabbitmq.conf
		Infrastructure\RabbitMQ\rabbitmq_init.sh = Infrastructure\RabbitMQ\rabbitmq_init.sh
	EndProjectSection
EndProject
Project("{2150E333-8FDC-42A3-9474-1A3956D46DE8}") = "Consul", "Consul", "{DC13A556-476D-4CB9-B411-05B33A2D07F4}"
	ProjectSection(SolutionItems) = preProject
		Infrastructure\Consul\consul_init.sh = Infrastructure\Consul\consul_init.sh
		Infrastructure\Consul\docker-entrypoint-override.sh = Infrastructure\Consul\docker-entrypoint-override.sh
		Infrastructure\Consul\Dockerfile = Infrastructure\Consul\Dockerfile
	EndProjectSection
EndProject
Project("{2150E333-8FDC-42A3-9474-1A3956D46DE8}") = "Vault", "Vault", "{CCCEA133-8A77-4CCD-A05D-4B8D6D18C221}"
	ProjectSection(SolutionItems) = preProject
		Infrastructure\Vault\docker-entrypoint-override.sh = Infrastructure\Vault\docker-entrypoint-override.sh
		Infrastructure\Vault\Dockerfile = Infrastructure\Vault\Dockerfile
		Infrastructure\Vault\vault_init.sh = Infrastructure\Vault\vault_init.sh
	EndProjectSection
EndProject
Project("{9A19103F-16F7-4668-BE54-9A1E7A4F7556}") = "APIGateway.API", "GSWB.APIGateway\src\APIGateway.API\APIGateway.API.csproj", "{79312F96-C102-43CB-9A06-95CE0675E2B1}"
EndProject
Project("{9A19103F-16F7-4668-BE54-9A1E7A4F7556}") = "APIGateway.Application", "GSWB.APIGateway\src\APIGateway.Application\APIGateway.Application.csproj", "{758EE286-1522-49CD-82C2-64FB97742AA5}"
EndProject
Project("{9A19103F-16F7-4668-BE54-9A1E7A4F7556}") = "APIGateway.Domain", "GSWB.APIGateway\src\APIGateway.Domain\APIGateway.Domain.csproj", "{4E8F71DB-AB2E-4DF2-A10B-81E19F911A06}"
EndProject
Project("{9A19103F-16F7-4668-BE54-9A1E7A4F7556}") = "APIGateway.Infrastructure", "GSWB.APIGateway\src\APIGateway.Infrastructure\APIGateway.Infrastructure.csproj", "{4E1B1F3E-737E-4390-BB3A-EF3C0F2D3B73}"
EndProject
Project("{9A19103F-16F7-4668-BE54-9A1E7A4F7556}") = "Common.Application", "GSWB.Common\src\Common.Application\Common.Application.csproj", "{F51FF01C-EDA7-45AF-B7B9-DF729ECA0351}"
EndProject
Project("{9A19103F-16F7-4668-BE54-9A1E7A4F7556}") = "Common.Domain", "GSWB.Common\src\Common.Domain\Common.Domain.csproj", "{5AE8B810-46BB-4B90-A59B-9A928AB70869}"
EndProject
Project("{9A19103F-16F7-4668-BE54-9A1E7A4F7556}") = "Common.Infrastructure", "GSWB.Common\src\Common.Infrastructure\Common.Infrastructure.csproj", "{AEAD7F43-0094-43F2-8EA9-388AD16AE780}"
EndProject
Project("{9A19103F-16F7-4668-BE54-9A1E7A4F7556}") = "Common.Presentation", "GSWB.Common\src\Common.Presentation\Common.Presentation.csproj", "{11F15F7B-6FBB-48E5-85CA-00F708443FC7}"
EndProject
Project("{9A19103F-16F7-4668-BE54-9A1E7A4F7556}") = "Members.API", "GSWB.Members\src\Members.API\Members.API.csproj", "{88952151-09D4-4344-B7C7-65FE496A0FC5}"
EndProject
Project("{9A19103F-16F7-4668-BE54-9A1E7A4F7556}") = "Members.Application", "GSWB.Members\src\Members.Application\Members.Application.csproj", "{50FB2639-A8C8-45BF-BECB-31016BA83BAA}"
EndProject
Project("{9A19103F-16F7-4668-BE54-9A1E7A4F7556}") = "Members.Domain", "GSWB.Members\src\Members.Domain\Members.Domain.csproj", "{D4D59810-759D-4502-BE52-F0A43C6D2D0F}"
EndProject
Project("{9A19103F-16F7-4668-BE54-9A1E7A4F7556}") = "Members.Infrastructure", "GSWB.Members\src\Members.Infrastructure\Members.Infrastructure.csproj", "{63BD065E-3381-4CCE-8E03-5294B954877B}"
EndProject
Project("{9A19103F-16F7-4668-BE54-9A1E7A4F7556}") = "SwarmBot", "GSWB.SwarmBot\src\SwarmBot\SwarmBot.csproj", "{1EFAB44D-45BC-45FD-B6D2-21953ED7E0AA}"
EndProject
Project("{9A19103F-16F7-4668-BE54-9A1E7A4F7556}") = "SwarmBot.API", "GSWB.SwarmBot\src\SwarmBot.API\SwarmBot.API.csproj", "{2C81015B-00E4-47D5-80AA-CAA462FEA47A}"
EndProject
Project("{9A19103F-16F7-4668-BE54-9A1E7A4F7556}") = "SwarmBot.Application", "GSWB.SwarmBot\src\SwarmBot.Application\SwarmBot.Application.csproj", "{8ABCAAB4-D2FD-4880-9150-2A7DC10A5855}"
EndProject
Project("{9A19103F-16F7-4668-BE54-9A1E7A4F7556}") = "SwarmBot.Domain", "GSWB.SwarmBot\src\SwarmBot.Domain\SwarmBot.Domain.csproj", "{13A7B176-3886-4314-A9F7-3F5B349F7CB5}"
EndProject
Project("{9A19103F-16F7-4668-BE54-9A1E7A4F7556}") = "SwarmBot.Infrastructure", "GSWB.SwarmBot\src\SwarmBot.Infrastructure\SwarmBot.Infrastructure.csproj", "{478AB7E6-6C1A-4BFC-ACC7-90394F2863E9}"
EndProject
Project("{2150E333-8FDC-42A3-9474-1A3956D46DE8}") = "Common", "Common", "{428D5DD8-C5E5-47C2-B674-1DDF3B055C10}"
EndProject
Project("{9A19103F-16F7-4668-BE54-9A1E7A4F7556}") = "TGF.Common.Extensions", "TheGoodFramework\src\Common\TGF.Common.Extensions\TGF.Common.Extensions.csproj", "{7A6FCAC4-25A5-4061-B0D5-0C17FA95DEA9}"
EndProject
Project("{9A19103F-16F7-4668-BE54-9A1E7A4F7556}") = "TGF.Common.Logging", "TheGoodFramework\src\Common\TGF.Common.Logging\TGF.Common.Logging.csproj", "{4FBB5A57-86AA-4B9F-A2E5-88E9EBA1CF47}"
EndProject
Project("{9A19103F-16F7-4668-BE54-9A1E7A4F7556}") = "TGF.Common.Net", "TheGoodFramework\src\Common\TGF.Common.Net\TGF.Common.Net.csproj", "{74ABD487-7FCD-4703-893E-D42360300A37}"
EndProject
Project("{9A19103F-16F7-4668-BE54-9A1E7A4F7556}") = "TGF.Common.ROP", "TheGoodFramework\src\Common\TGF.Common.ROP\TGF.Common.ROP.csproj", "{0B13212B-1A70-4FD7-BB22-188049795CD6}"
EndProject
Project("{9A19103F-16F7-4668-BE54-9A1E7A4F7556}") = "TGF.Common.Serialization", "TheGoodFramework\src\Common\TGF.Common.Serialization\TGF.Common.Serialization.csproj", "{9A2CA4E4-4678-4746-8A86-FD7BF8E1B606}"
EndProject
Project("{2150E333-8FDC-42A3-9474-1A3956D46DE8}") = "ClearnArchitecture", "ClearnArchitecture", "{F6E0E54D-1059-472F-88B5-68490F3A326C}"
EndProject
Project("{9A19103F-16F7-4668-BE54-9A1E7A4F7556}") = "TGF.CA.Presentation", "TheGoodFramework\src\CleanArchitecture\Presentation\TGF.CA.Presentation\TGF.CA.Presentation.csproj", "{C1E9B0B0-01D8-4C18-B84D-814006650BCA}"
EndProject
Project("{2150E333-8FDC-42A3-9474-1A3956D46DE8}") = "Presentation", "Presentation", "{F850F85D-F9E0-4184-B9DD-EF119F03996B}"
EndProject
Project("{2150E333-8FDC-42A3-9474-1A3956D46DE8}") = "Infrastructure", "Infrastructure", "{00820FD1-F461-4700-ADF5-A86192C837B7}"
EndProject
Project("{2150E333-8FDC-42A3-9474-1A3956D46DE8}") = "Domain", "Domain", "{6D38703C-1606-4438-84E9-73ABA4D401FB}"
EndProject
Project("{2150E333-8FDC-42A3-9474-1A3956D46DE8}") = "Application", "Application", "{ED55DED4-2B62-4373-A3CE-A056F0FEF64B}"
EndProject
Project("{9A19103F-16F7-4668-BE54-9A1E7A4F7556}") = "TGF.CA.Infrastructure.Discovery", "TheGoodFramework\src\CleanArchitecture\Infrastructure\TGF.CA.Infrastructure.Discovery\TGF.CA.Infrastructure.Discovery.csproj", "{02ECDC83-872D-4FD4-A606-3303B42D713A}"
EndProject
Project("{9A19103F-16F7-4668-BE54-9A1E7A4F7556}") = "TGF.CA.Infrastructure.DB", "TheGoodFramework\src\CleanArchitecture\Infrastructure\Persistence\DB\TGF.CA.Infrastructure.DB\TGF.CA.Infrastructure.DB.csproj", "{5BCD4190-5FAE-4281-A744-98F972D93996}"
EndProject
Project("{9A19103F-16F7-4668-BE54-9A1E7A4F7556}") = "TGF.CA.Infrastructure.DB.PostgreSQL", "TheGoodFramework\src\CleanArchitecture\Infrastructure\Persistence\DB\TGF.CA.Infrastructure.DB.PostgreSQL\TGF.CA.Infrastructure.DB.PostgreSQL.csproj", "{73C8ED73-AA94-4405-9DD8-785A9DEDA1FF}"
EndProject
Project("{9A19103F-16F7-4668-BE54-9A1E7A4F7556}") = "TGF.CA.Infrastructure.DB.MySQL", "TheGoodFramework\src\CleanArchitecture\Infrastructure\Persistence\DB\TGF.CA.Infrastructure.Persistence.DB.MySQL\TGF.CA.Infrastructure.DB.MySQL.csproj", "{519E9A11-03E0-4FC3-B9E1-9991DFA340F6}"
EndProject
Project("{9A19103F-16F7-4668-BE54-9A1E7A4F7556}") = "TGF.CA.Infrastructure.Identity", "TheGoodFramework\src\CleanArchitecture\Infrastructure\Security\TGF.CA.Infrastructure.Identity\TGF.CA.Infrastructure.Identity.csproj", "{8B61FA39-2165-4523-B925-86D841A98018}"
EndProject
Project("{9A19103F-16F7-4668-BE54-9A1E7A4F7556}") = "TGF.CA.Infrastructure.Secrets", "TheGoodFramework\src\CleanArchitecture\Infrastructure\Security\TGF.CA.Infrastructure.Secrets\TGF.CA.Infrastructure.Secrets.csproj", "{76619805-CE76-4E7D-AFFC-91211CA5B006}"
EndProject
Project("{9A19103F-16F7-4668-BE54-9A1E7A4F7556}") = "TGF.CA.Infrastructure", "TheGoodFramework\src\CleanArchitecture\Infrastructure\TGF.CA.Infrastructure\TGF.CA.Infrastructure.csproj", "{E641753C-4B4C-4312-AAF1-072B8B28081B}"
EndProject
Project("{9A19103F-16F7-4668-BE54-9A1E7A4F7556}") = "TGF.CA.Domain", "TheGoodFramework\src\CleanArchitecture\Domain\TGF.CA.Domain\TGF.CA.Domain.csproj", "{32327174-440B-4738-8935-3A337CEB93FB}"
EndProject
Project("{9A19103F-16F7-4668-BE54-9A1E7A4F7556}") = "TGF.CA.Domain.Aggregate", "TheGoodFramework\src\CleanArchitecture\Domain\TGF.CA.Domain.Aggregate\TGF.CA.Domain.Aggregate.csproj", "{D2867214-174B-49DC-ABE1-B21A3AA5C43A}"
EndProject
Project("{9A19103F-16F7-4668-BE54-9A1E7A4F7556}") = "TGF.CA.Application", "TheGoodFramework\src\CleanArchitecture\Application\TGF.CA.Application\TGF.CA.Application.csproj", "{BF0E741F-ACD7-471A-A71B-0A846B55F5AD}"
EndProject
Project("{9A19103F-16F7-4668-BE54-9A1E7A4F7556}") = "TGF.CA.Infrastructure.Comm", "TheGoodFramework\src\CleanArchitecture\Infrastructure\Comm\TGF.CA.Infrastructure.Comm\TGF.CA.Infrastructure.Comm.csproj", "{755CEE13-DF9F-4210-A796-54EC5866F4DF}"
EndProject
Project("{9A19103F-16F7-4668-BE54-9A1E7A4F7556}") = "TGF.CA.Infrastructure.Comm.RabbitMQ", "TheGoodFramework\src\CleanArchitecture\Infrastructure\Comm\TGF.CA.Infrastructure.Comm.RabbitMQ\TGF.CA.Infrastructure.Comm.RabbitMQ.csproj", "{9EDDA199-6B28-489C-B9C1-73AB46E886CD}"
EndProject
Project("{2150E333-8FDC-42A3-9474-1A3956D46DE8}") = "GSWB.Events", "GSWB.Events", "{4B15DFB9-8B08-4426-8758-1649DB58ECED}"
EndProject
Project("{9A19103F-16F7-4668-BE54-9A1E7A4F7556}") = "Events.Domain", "GSWB.Events\src\Events.Domain\Events.Domain.csproj", "{270652D3-A855-450A-AF3C-302D8ADAF9CF}"
EndProject
Project("{9A19103F-16F7-4668-BE54-9A1E7A4F7556}") = "Events.Application", "GSWB.Events\src\Events.Application\Events.Application.csproj", "{5E6AF35E-BE45-4B21-B04E-A7E492BEF475}"
EndProject
Project("{9A19103F-16F7-4668-BE54-9A1E7A4F7556}") = "Events.Infrastructure", "GSWB.Events\src\Events.Infrastructure\Events.Infrastructure.csproj", "{32C3383D-172E-49B1-94A4-5E328CF45468}"
EndProject
Project("{9A19103F-16F7-4668-BE54-9A1E7A4F7556}") = "Events.API", "GSWB.Events\src\Events.API\Events.API.csproj", "{F01CC778-0250-4F3E-AAEF-BD917172753F}"
EndProject
Global
	GlobalSection(SolutionConfigurationPlatforms) = preSolution
		Debug|Any CPU = Debug|Any CPU
		Release|Any CPU = Release|Any CPU
	EndGlobalSection
	GlobalSection(ProjectConfigurationPlatforms) = postSolution
		{30F172C3-6DBE-488D-8629-A6BBCAC821AC}.Debug|Any CPU.ActiveCfg = Debug|Any CPU
		{30F172C3-6DBE-488D-8629-A6BBCAC821AC}.Debug|Any CPU.Build.0 = Debug|Any CPU
		{30F172C3-6DBE-488D-8629-A6BBCAC821AC}.Release|Any CPU.ActiveCfg = Release|Any CPU
		{30F172C3-6DBE-488D-8629-A6BBCAC821AC}.Release|Any CPU.Build.0 = Release|Any CPU
		{79312F96-C102-43CB-9A06-95CE0675E2B1}.Debug|Any CPU.ActiveCfg = Debug|Any CPU
		{79312F96-C102-43CB-9A06-95CE0675E2B1}.Debug|Any CPU.Build.0 = Debug|Any CPU
		{79312F96-C102-43CB-9A06-95CE0675E2B1}.Release|Any CPU.ActiveCfg = Release|Any CPU
		{79312F96-C102-43CB-9A06-95CE0675E2B1}.Release|Any CPU.Build.0 = Release|Any CPU
		{758EE286-1522-49CD-82C2-64FB97742AA5}.Debug|Any CPU.ActiveCfg = Debug|Any CPU
		{758EE286-1522-49CD-82C2-64FB97742AA5}.Debug|Any CPU.Build.0 = Debug|Any CPU
		{758EE286-1522-49CD-82C2-64FB97742AA5}.Release|Any CPU.ActiveCfg = Release|Any CPU
		{758EE286-1522-49CD-82C2-64FB97742AA5}.Release|Any CPU.Build.0 = Release|Any CPU
		{4E8F71DB-AB2E-4DF2-A10B-81E19F911A06}.Debug|Any CPU.ActiveCfg = Debug|Any CPU
		{4E8F71DB-AB2E-4DF2-A10B-81E19F911A06}.Debug|Any CPU.Build.0 = Debug|Any CPU
		{4E8F71DB-AB2E-4DF2-A10B-81E19F911A06}.Release|Any CPU.ActiveCfg = Release|Any CPU
		{4E8F71DB-AB2E-4DF2-A10B-81E19F911A06}.Release|Any CPU.Build.0 = Release|Any CPU
		{4E1B1F3E-737E-4390-BB3A-EF3C0F2D3B73}.Debug|Any CPU.ActiveCfg = Debug|Any CPU
		{4E1B1F3E-737E-4390-BB3A-EF3C0F2D3B73}.Debug|Any CPU.Build.0 = Debug|Any CPU
		{4E1B1F3E-737E-4390-BB3A-EF3C0F2D3B73}.Release|Any CPU.ActiveCfg = Release|Any CPU
		{4E1B1F3E-737E-4390-BB3A-EF3C0F2D3B73}.Release|Any CPU.Build.0 = Release|Any CPU
		{F51FF01C-EDA7-45AF-B7B9-DF729ECA0351}.Debug|Any CPU.ActiveCfg = Debug|Any CPU
		{F51FF01C-EDA7-45AF-B7B9-DF729ECA0351}.Debug|Any CPU.Build.0 = Debug|Any CPU
		{F51FF01C-EDA7-45AF-B7B9-DF729ECA0351}.Release|Any CPU.ActiveCfg = Release|Any CPU
		{F51FF01C-EDA7-45AF-B7B9-DF729ECA0351}.Release|Any CPU.Build.0 = Release|Any CPU
		{5AE8B810-46BB-4B90-A59B-9A928AB70869}.Debug|Any CPU.ActiveCfg = Debug|Any CPU
		{5AE8B810-46BB-4B90-A59B-9A928AB70869}.Debug|Any CPU.Build.0 = Debug|Any CPU
		{5AE8B810-46BB-4B90-A59B-9A928AB70869}.Release|Any CPU.ActiveCfg = Release|Any CPU
		{5AE8B810-46BB-4B90-A59B-9A928AB70869}.Release|Any CPU.Build.0 = Release|Any CPU
		{AEAD7F43-0094-43F2-8EA9-388AD16AE780}.Debug|Any CPU.ActiveCfg = Debug|Any CPU
		{AEAD7F43-0094-43F2-8EA9-388AD16AE780}.Debug|Any CPU.Build.0 = Debug|Any CPU
		{AEAD7F43-0094-43F2-8EA9-388AD16AE780}.Release|Any CPU.ActiveCfg = Release|Any CPU
		{AEAD7F43-0094-43F2-8EA9-388AD16AE780}.Release|Any CPU.Build.0 = Release|Any CPU
		{11F15F7B-6FBB-48E5-85CA-00F708443FC7}.Debug|Any CPU.ActiveCfg = Debug|Any CPU
		{11F15F7B-6FBB-48E5-85CA-00F708443FC7}.Debug|Any CPU.Build.0 = Debug|Any CPU
		{11F15F7B-6FBB-48E5-85CA-00F708443FC7}.Release|Any CPU.ActiveCfg = Release|Any CPU
		{11F15F7B-6FBB-48E5-85CA-00F708443FC7}.Release|Any CPU.Build.0 = Release|Any CPU
		{88952151-09D4-4344-B7C7-65FE496A0FC5}.Debug|Any CPU.ActiveCfg = Debug|Any CPU
		{88952151-09D4-4344-B7C7-65FE496A0FC5}.Debug|Any CPU.Build.0 = Debug|Any CPU
		{88952151-09D4-4344-B7C7-65FE496A0FC5}.Release|Any CPU.ActiveCfg = Release|Any CPU
		{88952151-09D4-4344-B7C7-65FE496A0FC5}.Release|Any CPU.Build.0 = Release|Any CPU
		{50FB2639-A8C8-45BF-BECB-31016BA83BAA}.Debug|Any CPU.ActiveCfg = Debug|Any CPU
		{50FB2639-A8C8-45BF-BECB-31016BA83BAA}.Debug|Any CPU.Build.0 = Debug|Any CPU
		{50FB2639-A8C8-45BF-BECB-31016BA83BAA}.Release|Any CPU.ActiveCfg = Release|Any CPU
		{50FB2639-A8C8-45BF-BECB-31016BA83BAA}.Release|Any CPU.Build.0 = Release|Any CPU
		{D4D59810-759D-4502-BE52-F0A43C6D2D0F}.Debug|Any CPU.ActiveCfg = Debug|Any CPU
		{D4D59810-759D-4502-BE52-F0A43C6D2D0F}.Debug|Any CPU.Build.0 = Debug|Any CPU
		{D4D59810-759D-4502-BE52-F0A43C6D2D0F}.Release|Any CPU.ActiveCfg = Release|Any CPU
		{D4D59810-759D-4502-BE52-F0A43C6D2D0F}.Release|Any CPU.Build.0 = Release|Any CPU
		{63BD065E-3381-4CCE-8E03-5294B954877B}.Debug|Any CPU.ActiveCfg = Debug|Any CPU
		{63BD065E-3381-4CCE-8E03-5294B954877B}.Debug|Any CPU.Build.0 = Debug|Any CPU
		{63BD065E-3381-4CCE-8E03-5294B954877B}.Release|Any CPU.ActiveCfg = Release|Any CPU
		{63BD065E-3381-4CCE-8E03-5294B954877B}.Release|Any CPU.Build.0 = Release|Any CPU
		{1EFAB44D-45BC-45FD-B6D2-21953ED7E0AA}.Debug|Any CPU.ActiveCfg = Debug|Any CPU
		{1EFAB44D-45BC-45FD-B6D2-21953ED7E0AA}.Debug|Any CPU.Build.0 = Debug|Any CPU
		{1EFAB44D-45BC-45FD-B6D2-21953ED7E0AA}.Release|Any CPU.ActiveCfg = Release|Any CPU
		{1EFAB44D-45BC-45FD-B6D2-21953ED7E0AA}.Release|Any CPU.Build.0 = Release|Any CPU
		{2C81015B-00E4-47D5-80AA-CAA462FEA47A}.Debug|Any CPU.ActiveCfg = Debug|Any CPU
		{2C81015B-00E4-47D5-80AA-CAA462FEA47A}.Debug|Any CPU.Build.0 = Debug|Any CPU
		{2C81015B-00E4-47D5-80AA-CAA462FEA47A}.Release|Any CPU.ActiveCfg = Release|Any CPU
		{2C81015B-00E4-47D5-80AA-CAA462FEA47A}.Release|Any CPU.Build.0 = Release|Any CPU
		{8ABCAAB4-D2FD-4880-9150-2A7DC10A5855}.Debug|Any CPU.ActiveCfg = Debug|Any CPU
		{8ABCAAB4-D2FD-4880-9150-2A7DC10A5855}.Debug|Any CPU.Build.0 = Debug|Any CPU
		{8ABCAAB4-D2FD-4880-9150-2A7DC10A5855}.Release|Any CPU.ActiveCfg = Release|Any CPU
		{8ABCAAB4-D2FD-4880-9150-2A7DC10A5855}.Release|Any CPU.Build.0 = Release|Any CPU
		{13A7B176-3886-4314-A9F7-3F5B349F7CB5}.Debug|Any CPU.ActiveCfg = Debug|Any CPU
		{13A7B176-3886-4314-A9F7-3F5B349F7CB5}.Debug|Any CPU.Build.0 = Debug|Any CPU
		{13A7B176-3886-4314-A9F7-3F5B349F7CB5}.Release|Any CPU.ActiveCfg = Release|Any CPU
		{13A7B176-3886-4314-A9F7-3F5B349F7CB5}.Release|Any CPU.Build.0 = Release|Any CPU
		{478AB7E6-6C1A-4BFC-ACC7-90394F2863E9}.Debug|Any CPU.ActiveCfg = Debug|Any CPU
		{478AB7E6-6C1A-4BFC-ACC7-90394F2863E9}.Debug|Any CPU.Build.0 = Debug|Any CPU
		{478AB7E6-6C1A-4BFC-ACC7-90394F2863E9}.Release|Any CPU.ActiveCfg = Release|Any CPU
		{478AB7E6-6C1A-4BFC-ACC7-90394F2863E9}.Release|Any CPU.Build.0 = Release|Any CPU
		{7A6FCAC4-25A5-4061-B0D5-0C17FA95DEA9}.Debug|Any CPU.ActiveCfg = Debug|Any CPU
		{7A6FCAC4-25A5-4061-B0D5-0C17FA95DEA9}.Debug|Any CPU.Build.0 = Debug|Any CPU
		{7A6FCAC4-25A5-4061-B0D5-0C17FA95DEA9}.Release|Any CPU.ActiveCfg = Release|Any CPU
		{7A6FCAC4-25A5-4061-B0D5-0C17FA95DEA9}.Release|Any CPU.Build.0 = Release|Any CPU
		{4FBB5A57-86AA-4B9F-A2E5-88E9EBA1CF47}.Debug|Any CPU.ActiveCfg = Debug|Any CPU
		{4FBB5A57-86AA-4B9F-A2E5-88E9EBA1CF47}.Debug|Any CPU.Build.0 = Debug|Any CPU
		{4FBB5A57-86AA-4B9F-A2E5-88E9EBA1CF47}.Release|Any CPU.ActiveCfg = Release|Any CPU
		{4FBB5A57-86AA-4B9F-A2E5-88E9EBA1CF47}.Release|Any CPU.Build.0 = Release|Any CPU
		{74ABD487-7FCD-4703-893E-D42360300A37}.Debug|Any CPU.ActiveCfg = Debug|Any CPU
		{74ABD487-7FCD-4703-893E-D42360300A37}.Debug|Any CPU.Build.0 = Debug|Any CPU
		{74ABD487-7FCD-4703-893E-D42360300A37}.Release|Any CPU.ActiveCfg = Release|Any CPU
		{74ABD487-7FCD-4703-893E-D42360300A37}.Release|Any CPU.Build.0 = Release|Any CPU
		{0B13212B-1A70-4FD7-BB22-188049795CD6}.Debug|Any CPU.ActiveCfg = Debug|Any CPU
		{0B13212B-1A70-4FD7-BB22-188049795CD6}.Debug|Any CPU.Build.0 = Debug|Any CPU
		{0B13212B-1A70-4FD7-BB22-188049795CD6}.Release|Any CPU.ActiveCfg = Release|Any CPU
		{0B13212B-1A70-4FD7-BB22-188049795CD6}.Release|Any CPU.Build.0 = Release|Any CPU
		{9A2CA4E4-4678-4746-8A86-FD7BF8E1B606}.Debug|Any CPU.ActiveCfg = Debug|Any CPU
		{9A2CA4E4-4678-4746-8A86-FD7BF8E1B606}.Debug|Any CPU.Build.0 = Debug|Any CPU
		{9A2CA4E4-4678-4746-8A86-FD7BF8E1B606}.Release|Any CPU.ActiveCfg = Release|Any CPU
		{9A2CA4E4-4678-4746-8A86-FD7BF8E1B606}.Release|Any CPU.Build.0 = Release|Any CPU
		{C1E9B0B0-01D8-4C18-B84D-814006650BCA}.Debug|Any CPU.ActiveCfg = Debug|Any CPU
		{C1E9B0B0-01D8-4C18-B84D-814006650BCA}.Debug|Any CPU.Build.0 = Debug|Any CPU
		{C1E9B0B0-01D8-4C18-B84D-814006650BCA}.Release|Any CPU.ActiveCfg = Release|Any CPU
		{C1E9B0B0-01D8-4C18-B84D-814006650BCA}.Release|Any CPU.Build.0 = Release|Any CPU
		{02ECDC83-872D-4FD4-A606-3303B42D713A}.Debug|Any CPU.ActiveCfg = Debug|Any CPU
		{02ECDC83-872D-4FD4-A606-3303B42D713A}.Debug|Any CPU.Build.0 = Debug|Any CPU
		{02ECDC83-872D-4FD4-A606-3303B42D713A}.Release|Any CPU.ActiveCfg = Release|Any CPU
		{02ECDC83-872D-4FD4-A606-3303B42D713A}.Release|Any CPU.Build.0 = Release|Any CPU
		{5BCD4190-5FAE-4281-A744-98F972D93996}.Debug|Any CPU.ActiveCfg = Debug|Any CPU
		{5BCD4190-5FAE-4281-A744-98F972D93996}.Debug|Any CPU.Build.0 = Debug|Any CPU
		{5BCD4190-5FAE-4281-A744-98F972D93996}.Release|Any CPU.ActiveCfg = Release|Any CPU
		{5BCD4190-5FAE-4281-A744-98F972D93996}.Release|Any CPU.Build.0 = Release|Any CPU
		{73C8ED73-AA94-4405-9DD8-785A9DEDA1FF}.Debug|Any CPU.ActiveCfg = Debug|Any CPU
		{73C8ED73-AA94-4405-9DD8-785A9DEDA1FF}.Debug|Any CPU.Build.0 = Debug|Any CPU
		{73C8ED73-AA94-4405-9DD8-785A9DEDA1FF}.Release|Any CPU.ActiveCfg = Release|Any CPU
		{73C8ED73-AA94-4405-9DD8-785A9DEDA1FF}.Release|Any CPU.Build.0 = Release|Any CPU
		{519E9A11-03E0-4FC3-B9E1-9991DFA340F6}.Debug|Any CPU.ActiveCfg = Debug|Any CPU
		{519E9A11-03E0-4FC3-B9E1-9991DFA340F6}.Debug|Any CPU.Build.0 = Debug|Any CPU
		{519E9A11-03E0-4FC3-B9E1-9991DFA340F6}.Release|Any CPU.ActiveCfg = Release|Any CPU
		{519E9A11-03E0-4FC3-B9E1-9991DFA340F6}.Release|Any CPU.Build.0 = Release|Any CPU
		{8B61FA39-2165-4523-B925-86D841A98018}.Debug|Any CPU.ActiveCfg = Debug|Any CPU
		{8B61FA39-2165-4523-B925-86D841A98018}.Debug|Any CPU.Build.0 = Debug|Any CPU
		{8B61FA39-2165-4523-B925-86D841A98018}.Release|Any CPU.ActiveCfg = Release|Any CPU
		{8B61FA39-2165-4523-B925-86D841A98018}.Release|Any CPU.Build.0 = Release|Any CPU
		{76619805-CE76-4E7D-AFFC-91211CA5B006}.Debug|Any CPU.ActiveCfg = Debug|Any CPU
		{76619805-CE76-4E7D-AFFC-91211CA5B006}.Debug|Any CPU.Build.0 = Debug|Any CPU
		{76619805-CE76-4E7D-AFFC-91211CA5B006}.Release|Any CPU.ActiveCfg = Release|Any CPU
		{76619805-CE76-4E7D-AFFC-91211CA5B006}.Release|Any CPU.Build.0 = Release|Any CPU
		{E641753C-4B4C-4312-AAF1-072B8B28081B}.Debug|Any CPU.ActiveCfg = Debug|Any CPU
		{E641753C-4B4C-4312-AAF1-072B8B28081B}.Debug|Any CPU.Build.0 = Debug|Any CPU
		{E641753C-4B4C-4312-AAF1-072B8B28081B}.Release|Any CPU.ActiveCfg = Release|Any CPU
		{E641753C-4B4C-4312-AAF1-072B8B28081B}.Release|Any CPU.Build.0 = Release|Any CPU
		{32327174-440B-4738-8935-3A337CEB93FB}.Debug|Any CPU.ActiveCfg = Debug|Any CPU
		{32327174-440B-4738-8935-3A337CEB93FB}.Debug|Any CPU.Build.0 = Debug|Any CPU
		{32327174-440B-4738-8935-3A337CEB93FB}.Release|Any CPU.ActiveCfg = Release|Any CPU
		{32327174-440B-4738-8935-3A337CEB93FB}.Release|Any CPU.Build.0 = Release|Any CPU
		{D2867214-174B-49DC-ABE1-B21A3AA5C43A}.Debug|Any CPU.ActiveCfg = Debug|Any CPU
		{D2867214-174B-49DC-ABE1-B21A3AA5C43A}.Debug|Any CPU.Build.0 = Debug|Any CPU
		{D2867214-174B-49DC-ABE1-B21A3AA5C43A}.Release|Any CPU.ActiveCfg = Release|Any CPU
		{D2867214-174B-49DC-ABE1-B21A3AA5C43A}.Release|Any CPU.Build.0 = Release|Any CPU
		{BF0E741F-ACD7-471A-A71B-0A846B55F5AD}.Debug|Any CPU.ActiveCfg = Debug|Any CPU
		{BF0E741F-ACD7-471A-A71B-0A846B55F5AD}.Debug|Any CPU.Build.0 = Debug|Any CPU
		{BF0E741F-ACD7-471A-A71B-0A846B55F5AD}.Release|Any CPU.ActiveCfg = Release|Any CPU
		{BF0E741F-ACD7-471A-A71B-0A846B55F5AD}.Release|Any CPU.Build.0 = Release|Any CPU
		{755CEE13-DF9F-4210-A796-54EC5866F4DF}.Debug|Any CPU.ActiveCfg = Debug|Any CPU
		{755CEE13-DF9F-4210-A796-54EC5866F4DF}.Debug|Any CPU.Build.0 = Debug|Any CPU
		{755CEE13-DF9F-4210-A796-54EC5866F4DF}.Release|Any CPU.ActiveCfg = Release|Any CPU
		{755CEE13-DF9F-4210-A796-54EC5866F4DF}.Release|Any CPU.Build.0 = Release|Any CPU
		{9EDDA199-6B28-489C-B9C1-73AB46E886CD}.Debug|Any CPU.ActiveCfg = Debug|Any CPU
		{9EDDA199-6B28-489C-B9C1-73AB46E886CD}.Debug|Any CPU.Build.0 = Debug|Any CPU
		{9EDDA199-6B28-489C-B9C1-73AB46E886CD}.Release|Any CPU.ActiveCfg = Release|Any CPU
		{9EDDA199-6B28-489C-B9C1-73AB46E886CD}.Release|Any CPU.Build.0 = Release|Any CPU
		{270652D3-A855-450A-AF3C-302D8ADAF9CF}.Debug|Any CPU.ActiveCfg = Debug|Any CPU
		{270652D3-A855-450A-AF3C-302D8ADAF9CF}.Debug|Any CPU.Build.0 = Debug|Any CPU
		{270652D3-A855-450A-AF3C-302D8ADAF9CF}.Release|Any CPU.ActiveCfg = Release|Any CPU
		{270652D3-A855-450A-AF3C-302D8ADAF9CF}.Release|Any CPU.Build.0 = Release|Any CPU
		{5E6AF35E-BE45-4B21-B04E-A7E492BEF475}.Debug|Any CPU.ActiveCfg = Debug|Any CPU
		{5E6AF35E-BE45-4B21-B04E-A7E492BEF475}.Debug|Any CPU.Build.0 = Debug|Any CPU
		{5E6AF35E-BE45-4B21-B04E-A7E492BEF475}.Release|Any CPU.ActiveCfg = Release|Any CPU
		{5E6AF35E-BE45-4B21-B04E-A7E492BEF475}.Release|Any CPU.Build.0 = Release|Any CPU
		{32C3383D-172E-49B1-94A4-5E328CF45468}.Debug|Any CPU.ActiveCfg = Debug|Any CPU
		{32C3383D-172E-49B1-94A4-5E328CF45468}.Debug|Any CPU.Build.0 = Debug|Any CPU
		{32C3383D-172E-49B1-94A4-5E328CF45468}.Release|Any CPU.ActiveCfg = Release|Any CPU
		{32C3383D-172E-49B1-94A4-5E328CF45468}.Release|Any CPU.Build.0 = Release|Any CPU
		{F01CC778-0250-4F3E-AAEF-BD917172753F}.Debug|Any CPU.ActiveCfg = Debug|Any CPU
		{F01CC778-0250-4F3E-AAEF-BD917172753F}.Debug|Any CPU.Build.0 = Debug|Any CPU
		{F01CC778-0250-4F3E-AAEF-BD917172753F}.Release|Any CPU.ActiveCfg = Release|Any CPU
		{F01CC778-0250-4F3E-AAEF-BD917172753F}.Release|Any CPU.Build.0 = Release|Any CPU
	EndGlobalSection
	GlobalSection(SolutionProperties) = preSolution
		HideSolutionNode = FALSE
	EndGlobalSection
	GlobalSection(NestedProjects) = preSolution
		{584C7A70-E8AF-4953-A833-8AE07B91D0C3} = {7836623F-64BB-4B80-8D6A-F7D5E964A5DB}
		{77D7BB2D-E0F3-490D-881F-05110D5B3240} = {7836623F-64BB-4B80-8D6A-F7D5E964A5DB}
		{E6D0C8B1-2E38-49F0-9293-BCF8EFF94A4D} = {7836623F-64BB-4B80-8D6A-F7D5E964A5DB}
		{DC13A556-476D-4CB9-B411-05B33A2D07F4} = {7836623F-64BB-4B80-8D6A-F7D5E964A5DB}
		{CCCEA133-8A77-4CCD-A05D-4B8D6D18C221} = {7836623F-64BB-4B80-8D6A-F7D5E964A5DB}
		{79312F96-C102-43CB-9A06-95CE0675E2B1} = {F3299B21-5400-4135-887B-747142C67E4A}
		{758EE286-1522-49CD-82C2-64FB97742AA5} = {F3299B21-5400-4135-887B-747142C67E4A}
		{4E8F71DB-AB2E-4DF2-A10B-81E19F911A06} = {F3299B21-5400-4135-887B-747142C67E4A}
		{4E1B1F3E-737E-4390-BB3A-EF3C0F2D3B73} = {F3299B21-5400-4135-887B-747142C67E4A}
		{F51FF01C-EDA7-45AF-B7B9-DF729ECA0351} = {FD4762AC-FAB0-45D8-83B4-325EC0C11B19}
		{5AE8B810-46BB-4B90-A59B-9A928AB70869} = {FD4762AC-FAB0-45D8-83B4-325EC0C11B19}
		{AEAD7F43-0094-43F2-8EA9-388AD16AE780} = {FD4762AC-FAB0-45D8-83B4-325EC0C11B19}
		{11F15F7B-6FBB-48E5-85CA-00F708443FC7} = {FD4762AC-FAB0-45D8-83B4-325EC0C11B19}
		{88952151-09D4-4344-B7C7-65FE496A0FC5} = {A85E68C7-5149-44F4-8A29-C478805666CC}
		{50FB2639-A8C8-45BF-BECB-31016BA83BAA} = {A85E68C7-5149-44F4-8A29-C478805666CC}
		{D4D59810-759D-4502-BE52-F0A43C6D2D0F} = {A85E68C7-5149-44F4-8A29-C478805666CC}
		{63BD065E-3381-4CCE-8E03-5294B954877B} = {A85E68C7-5149-44F4-8A29-C478805666CC}
		{1EFAB44D-45BC-45FD-B6D2-21953ED7E0AA} = {45D188C4-EB4F-4982-B7AD-0584504C3CA8}
		{2C81015B-00E4-47D5-80AA-CAA462FEA47A} = {45D188C4-EB4F-4982-B7AD-0584504C3CA8}
		{8ABCAAB4-D2FD-4880-9150-2A7DC10A5855} = {45D188C4-EB4F-4982-B7AD-0584504C3CA8}
		{13A7B176-3886-4314-A9F7-3F5B349F7CB5} = {45D188C4-EB4F-4982-B7AD-0584504C3CA8}
		{478AB7E6-6C1A-4BFC-ACC7-90394F2863E9} = {45D188C4-EB4F-4982-B7AD-0584504C3CA8}
		{428D5DD8-C5E5-47C2-B674-1DDF3B055C10} = {069DF9B7-57DD-4E8B-B705-07C14CD49BEA}
		{7A6FCAC4-25A5-4061-B0D5-0C17FA95DEA9} = {428D5DD8-C5E5-47C2-B674-1DDF3B055C10}
		{4FBB5A57-86AA-4B9F-A2E5-88E9EBA1CF47} = {428D5DD8-C5E5-47C2-B674-1DDF3B055C10}
		{74ABD487-7FCD-4703-893E-D42360300A37} = {428D5DD8-C5E5-47C2-B674-1DDF3B055C10}
		{0B13212B-1A70-4FD7-BB22-188049795CD6} = {428D5DD8-C5E5-47C2-B674-1DDF3B055C10}
		{9A2CA4E4-4678-4746-8A86-FD7BF8E1B606} = {428D5DD8-C5E5-47C2-B674-1DDF3B055C10}
		{F6E0E54D-1059-472F-88B5-68490F3A326C} = {069DF9B7-57DD-4E8B-B705-07C14CD49BEA}
		{C1E9B0B0-01D8-4C18-B84D-814006650BCA} = {F850F85D-F9E0-4184-B9DD-EF119F03996B}
		{F850F85D-F9E0-4184-B9DD-EF119F03996B} = {F6E0E54D-1059-472F-88B5-68490F3A326C}
		{00820FD1-F461-4700-ADF5-A86192C837B7} = {F6E0E54D-1059-472F-88B5-68490F3A326C}
		{6D38703C-1606-4438-84E9-73ABA4D401FB} = {F6E0E54D-1059-472F-88B5-68490F3A326C}
		{ED55DED4-2B62-4373-A3CE-A056F0FEF64B} = {F6E0E54D-1059-472F-88B5-68490F3A326C}
		{02ECDC83-872D-4FD4-A606-3303B42D713A} = {00820FD1-F461-4700-ADF5-A86192C837B7}
		{5BCD4190-5FAE-4281-A744-98F972D93996} = {00820FD1-F461-4700-ADF5-A86192C837B7}
		{73C8ED73-AA94-4405-9DD8-785A9DEDA1FF} = {00820FD1-F461-4700-ADF5-A86192C837B7}
		{519E9A11-03E0-4FC3-B9E1-9991DFA340F6} = {00820FD1-F461-4700-ADF5-A86192C837B7}
		{8B61FA39-2165-4523-B925-86D841A98018} = {00820FD1-F461-4700-ADF5-A86192C837B7}
		{76619805-CE76-4E7D-AFFC-91211CA5B006} = {00820FD1-F461-4700-ADF5-A86192C837B7}
		{E641753C-4B4C-4312-AAF1-072B8B28081B} = {00820FD1-F461-4700-ADF5-A86192C837B7}
		{32327174-440B-4738-8935-3A337CEB93FB} = {6D38703C-1606-4438-84E9-73ABA4D401FB}
		{D2867214-174B-49DC-ABE1-B21A3AA5C43A} = {6D38703C-1606-4438-84E9-73ABA4D401FB}
		{BF0E741F-ACD7-471A-A71B-0A846B55F5AD} = {ED55DED4-2B62-4373-A3CE-A056F0FEF64B}
		{755CEE13-DF9F-4210-A796-54EC5866F4DF} = {00820FD1-F461-4700-ADF5-A86192C837B7}
		{9EDDA199-6B28-489C-B9C1-73AB46E886CD} = {00820FD1-F461-4700-ADF5-A86192C837B7}
		{270652D3-A855-450A-AF3C-302D8ADAF9CF} = {4B15DFB9-8B08-4426-8758-1649DB58ECED}
		{5E6AF35E-BE45-4B21-B04E-A7E492BEF475} = {4B15DFB9-8B08-4426-8758-1649DB58ECED}
		{32C3383D-172E-49B1-94A4-5E328CF45468} = {4B15DFB9-8B08-4426-8758-1649DB58ECED}
		{F01CC778-0250-4F3E-AAEF-BD917172753F} = {4B15DFB9-8B08-4426-8758-1649DB58ECED}
	EndGlobalSection
	GlobalSection(ExtensibilityGlobals) = postSolution
		SolutionGuid = {FC22146D-6756-4F4A-9614-10E0071205C2}
	EndGlobalSection
EndGlobal
